<?xml version="1.0" encoding="UTF-8" standalone="yes" ?>
<CodeBlocks_project_file>
	<FileVersion major="1" minor="6" />
	<Project>
		<Option title="MiniTasker" />
		<Option pch_mode="2" />
		<Option compiler="gcc" />
		<Build>
			<Target title="Debug">
				<Option output="bin/Debug/MiniTasker" prefix_auto="1" extension_auto="1" />
				<Option object_output="obj/Debug/" />
				<Option type="1" />
				<Option compiler="gcc" />
				<Compiler>
					<Add option="-g" />
				</Compiler>
			</Target>
		</Build>
		<Compiler>
			<Add option="-Wall" />
		</Compiler>
		<Unit filename="EdgeUI/include/Application.h" />
		<Unit filename="EdgeUI/include/Diagnostics.h" />
		<Unit filename="EdgeUI/include/Element.h" />
		<Unit filename="EdgeUI/include/Graphics.h" />
		<Unit filename="EdgeUI/include/GraphicsTypes.h" />
		<Unit filename="EdgeUI/include/Point.h" />
		<Unit filename="EdgeUI/include/Rectangle.h" />
		<Unit filename="EdgeUI/include/ScratchBuffer.h" />
		<Unit filename="EdgeUI/include/Style.h" />
		<Unit filename="EdgeUI/include/controls/Button.h" />
		<Unit filename="EdgeUI/include/controls/CheckBox.h" />
		<Unit filename="EdgeUI/include/controls/Controls.h" />
		<Unit filename="EdgeUI/include/controls/RadioButton.h" />
		<Unit filename="EdgeUI/include/controls/Slider.h" />
		<Unit filename="EdgeUI/source/Element.cpp" />
		<Unit filename="EdgeUI/source/GL/FreeTypeFont.cpp" />
		<Unit filename="EdgeUI/source/GL/FreeTypeFont.h" />
		<Unit filename="EdgeUI/source/GL/GLDiagnostics.cpp" />
		<Unit filename="EdgeUI/source/GL/GLDiagnostics.h" />
		<Unit filename="EdgeUI/source/GL/GLIncludes.h" />
		<Unit filename="EdgeUI/source/GL/GLShader.cpp" />
		<Unit filename="EdgeUI/source/GL/GLShader.h" />
		<Unit filename="EdgeUI/source/GL/GLTexture.h" />
		<Unit filename="EdgeUI/source/GL/Graphics_GL.cpp" />
		<Unit filename="EdgeUI/source/GL/PlatformInterface_DRM.cpp" />
		<Unit filename="EdgeUI/source/GL/PlatformInterface_GTK4.cpp" />
		<Unit filename="EdgeUI/source/GL/PlatformInterface_X11.cpp" />
		<Unit filename="EdgeUI/source/TinyPNG.cpp" />
		<Unit filename="EdgeUI/source/TinyPNG.h" />
		<Unit filename="source/DisplayAirQuality.cpp" />
		<Unit filename="source/DisplayAirQuality.h" />
		<Unit filename="source/DisplayBitcoinPrice.cpp" />
		<Unit filename="source/DisplayBitcoinPrice.h" />
		<Unit filename="source/DisplayClock.cpp" />
		<Unit filename="source/DisplayClock.h" />
		<Unit filename="source/DisplaySolaX.cpp" />
		<Unit filename="source/DisplaySolaX.h" />
		<Unit filename="source/DisplaySystemStatus.cpp" />
		<Unit filename="source/DisplaySystemStatus.h" />
		<Unit filename="source/DisplayTideData.cpp" />
		<Unit filename="source/DisplayTideData.h" />
		<Unit filename="source/DisplayWeather.cpp" />
		<Unit filename="source/DisplayWeather.h" />
		<Unit filename="source/FileDownload.cpp" />
		<Unit filename="source/FileDownload.h" />
		<Unit filename="source/MQTTData.cpp" />
		<Unit filename="source/MQTTData.h" />
		<Unit filename="source/Temperature.cpp" />
		<Unit filename="source/Temperature.h" />
		<Unit filename="source/TinyJson.h" />
		<Unit filename="source/TinySolaX.cpp" />
		<Unit filename="source/TinySolaX.h" />
		<Unit filename="source/TinyTools.cpp" />
		<Unit filename="source/TinyTools.h" />
		<Unit filename="source/TinyWeather.cpp" />
		<Unit filename="source/TinyWeather.h" />
		<Unit filename="source/i2c_device.cpp" />
		<Unit filename="source/i2c_device.h" />
		<Unit filename="source/main.cpp" />
		<Unit filename="source/sgp30.cpp" />
		<Unit filename="source/sgp30.h" />
		<Extensions />
	</Project>
</CodeBlocks_project_file>
